Edge Computing Kubernetes Code Review RabbitMQ Dream big and dare to fail. Act as if what you do makes a difference. It does. Don't be afraid to give up the good to go for the great.
GraphQL Agile Machine Learning Cloud Functions Python Big Data Serverless OAuth Stay hungry, stay foolish. Success usually comes to those who are too busy to be looking for it. Act as if what you do makes a difference. It does. Innovation distinguishes between a leader and a follower.
