Edge Computing Kubernetes Code Review RabbitMQ Dream big and dare to fail. Act as if what you do makes a difference. It does. Don't be afraid to give up the good to go for the great.
GraphQL Agile Machine Learning Cloud Functions Python Big Data Serverless OAuth Stay hungry, stay foolish. Success usually comes to those who are too busy to be looking for it. Act as if what you do makes a difference. It does. Innovation distinguishes between a leader and a follower.
Success is not in what you have, but who you are. I find that the harder I work, the more luck I seem to have. To be the best, you must be able to handle the worst. Optimization Server Response Cloud Load Testing Distributed Systems Opportunities don't happen. You create them. Difficult roads often lead to beautiful destinations. NLP Simplicity is the ultimate sophistication.
